
Microsoft Visual Studio Solution File, Format Version 12.00
# Visual Studio 16
VisualStudioVersion = 15.0.27703.2000
MinimumVisualStudioVersion = 10.0.40219.1
Project("{8BC9CEB8-8B4A-11D0-8D11-00A0C91BC942}") = "DirectXTK12", "DirectXTK_Windows10_2019.vcxproj", "{945B8F0E-AE5F-447C-933A-9D069532D3E4}"
EndProject
Project("{2150E333-8FDC-42A3-9474-1A3956D46DE8}") = "Solution Items", "Solution Items", "{571EBEF3-5DCD-4854-BCBA-9F7DF20160FB}"
	ProjectSection(SolutionItems) = preProject
		.editorconfig = .editorconfig
	EndProjectSection
EndProject
Global
	GlobalSection(SolutionConfigurationPlatforms) = preSolution
		Debug|ARM = Debug|ARM
		Debug|ARM64 = Debug|ARM64
		Debug|x64 = Debug|x64
		Debug|x86 = Debug|x86
		Release|ARM = Release|ARM
		Release|ARM64 = Release|ARM64
		Release|x64 = Release|x64
		Release|x86 = Release|x86
	EndGlobalSection
	GlobalSection(ProjectConfigurationPlatforms) = postSolution
		{945B8F0E-AE5F-447C-933A-9D069532D3E4}.Debug|ARM.ActiveCfg = Debug|ARM
		{945B8F0E-AE5F-447C-933A-9D069532D3E4}.Debug|ARM.Build.0 = Debug|ARM
		{945B8F0E-AE5F-447C-933A-9D069532D3E4}.Debug|ARM64.ActiveCfg = Debug|ARM64
		{945B8F0E-AE5F-447C-933A-9D069532D3E4}.Debug|ARM64.Build.0 = Debug|ARM64
		{945B8F0E-AE5F-447C-933A-9D069532D3E4}.Debug|x64.ActiveCfg = Debug|x64
		{945B8F0E-AE5F-447C-933A-9D069532D3E4}.Debug|x64.Build.0 = Debug|x64
		{945B8F0E-AE5F-447C-933A-9D069532D3E4}.Debug|x86.ActiveCfg = Debug|Win32
		{945B8F0E-AE5F-447C-933A-9D069532D3E4}.Debug|x86.Build.0 = Debug|Win32
		{945B8F0E-AE5F-447C-933A-9D069532D3E4}.Release|ARM.ActiveCfg = Release|ARM
		{945B8F0E-AE5F-447C-933A-9D069532D3E4}.Release|ARM.Build.0 = Release|ARM
		{945B8F0E-AE5F-447C-933A-9D069532D3E4}.Release|ARM64.ActiveCfg = Release|ARM64
		{945B8F0E-AE5F-447C-933A-9D069532D3E4}.Release|ARM64.Build.0 = Release|ARM64
		{945B8F0E-AE5F-447C-933A-9D069532D3E4}.Release|x64.ActiveCfg = Release|x64
		{945B8F0E-AE5F-447C-933A-9D069532D3E4}.Release|x64.Build.0 = Release|x64
		{945B8F0E-AE5F-447C-933A-9D069532D3E4}.Release|x86.ActiveCfg = Release|Win32
		{945B8F0E-AE5F-447C-933A-9D069532D3E4}.Release|x86.Build.0 = Release|Win32
	EndGlobalSection
	GlobalSection(SolutionProperties) = preSolution
		HideSolutionNode = FALSE
	EndGlobalSection
	GlobalSection(ExtensibilityGlobals) = postSolution
		SolutionGuid = {7EBBD159-9D8C-4903-B7F8-00538A4D588D}
	EndGlobalSection
EndGlobal
