<Solution>
  <Configurations>
    <Platform Name="Gaming.Xbox.Scarlett.x64" />
    <Platform Name="Gaming.Xbox.XboxOne.x64" />
  </Configurations>
  <Folder Name="/Solution Items/">
    <File Path=".editorconfig" />
  </Folder>
  <Project Path="DirectXTK_GDKX_2026.vcxproj" Id="94f17a4d-611b-4b81-8806-b6735910ab31" />
</Solution>
