
Microsoft Visual Studio Solution File, Format Version 12.00
# Visual Studio 15
VisualStudioVersion = 15.0.27703.2000
MinimumVisualStudioVersion = 10.0.40219.1
Project("{8BC9CEB8-8B4A-11D0-8D11-00A0C91BC942}") = "DirectXTK12", "DirectXTK_Desktop_2017_Win10.vcxproj", "{3E0E8608-CD9B-4C76-AF33-29CA38F2C9F0}"
EndProject
Project("{2150E333-8FDC-42A3-9474-1A3956D46DE8}") = "Solution Items", "Solution Items", "{5C7C55AD-C54A-49B1-8259-D6DD0F6F4356}"
	ProjectSection(SolutionItems) = preProject
		.editorconfig = .editorconfig
	EndProjectSection
EndProject
Global
	GlobalSection(SolutionConfigurationPlatforms) = preSolution
		Debug|ARM64 = Debug|ARM64
		Debug|x64 = Debug|x64
		Debug|x86 = Debug|x86
		Release|ARM64 = Release|ARM64
		Release|x64 = Release|x64
		Release|x86 = Release|x86
	EndGlobalSection
	GlobalSection(ProjectConfigurationPlatforms) = postSolution
		{3E0E8608-CD9B-4C76-AF33-29CA38F2C9F0}.Debug|ARM64.ActiveCfg = Debug|ARM64
		{3E0E8608-CD9B-4C76-AF33-29CA38F2C9F0}.Debug|ARM64.Build.0 = Debug|ARM64
		{3E0E8608-CD9B-4C76-AF33-29CA38F2C9F0}.Debug|x64.ActiveCfg = Debug|x64
		{3E0E8608-CD9B-4C76-AF33-29CA38F2C9F0}.Debug|x64.Build.0 = Debug|x64
		{3E0E8608-CD9B-4C76-AF33-29CA38F2C9F0}.Debug|x86.ActiveCfg = Debug|Win32
		{3E0E8608-CD9B-4C76-AF33-29CA38F2C9F0}.Debug|x86.Build.0 = Debug|Win32
		{3E0E8608-CD9B-4C76-AF33-29CA38F2C9F0}.Release|ARM64.ActiveCfg = Release|ARM64
		{3E0E8608-CD9B-4C76-AF33-29CA38F2C9F0}.Release|ARM64.Build.0 = Release|ARM64
		{3E0E8608-CD9B-4C76-AF33-29CA38F2C9F0}.Release|x64.ActiveCfg = Release|x64
		{3E0E8608-CD9B-4C76-AF33-29CA38F2C9F0}.Release|x64.Build.0 = Release|x64
		{3E0E8608-CD9B-4C76-AF33-29CA38F2C9F0}.Release|x86.ActiveCfg = Release|Win32
		{3E0E8608-CD9B-4C76-AF33-29CA38F2C9F0}.Release|x86.Build.0 = Release|Win32
	EndGlobalSection
	GlobalSection(SolutionProperties) = preSolution
		HideSolutionNode = FALSE
	EndGlobalSection
	GlobalSection(ExtensibilityGlobals) = postSolution
		SolutionGuid = {3CC6BC6C-3DB1-4D71-8F4F-4FC99A6ABCC6}
	EndGlobalSection
EndGlobal
