<Solution>
  <Configurations>
    <Platform Name="ARM64" />
    <Platform Name="x64" />
    <Platform Name="x86" />
  </Configurations>
  <Folder Name="/Solution Items/">
    <File Path=".editorconfig" />
  </Folder>
  <Project Path="DirectXTK_Desktop_2026.vcxproj" Id="3e0e8608-cd9b-4c76-af33-29ca38f2c9f0" />
</Solution>
